{
  "version": 4,
  "terraform_version": "1.7.4",
  "serial": 24,
  "lineage": "4feedd9c-528b-4a55-43f0-95b44a760d4b",
  "outputs": {},
  "resources": [
    {
      "mode": "managed",
      "type": "google_compute_backend_service",
      "name": "website",
      "provider": "provider[\"registry.terraform.io/hashicorp/google\"]",
      "instances": [
        {
          "schema_version": 1,
          "attributes": {
            "affinity_cookie_ttl_sec": 0,
            "backend": [
              {
                "balancing_mode": "UTILIZATION",
                "capacity_scaler": 1,
                "description": "",
                "group": "https://www.googleapis.com/compute/v1/projects/qwiklabs-gcp-00-2e8a5b18c969/zones/us-central1-a/instanceGroups/instance-group-all",
                "max_connections": 0,
                "max_connections_per_endpoint": 0,
                "max_connections_per_instance": 0,
                "max_rate": 0,
                "max_rate_per_endpoint": 0,
                "max_rate_per_instance": 0,
                "max_utilization": 0
              }
            ],
            "cdn_policy": [],
            "circuit_breakers": [],
            "compression_mode": "",
            "connection_draining_timeout_sec": 300,
            "consistent_hash": [],
            "creation_timestamp": "2024-02-29T06:46:26.639-08:00",
            "custom_request_headers": null,
            "custom_response_headers": null,
            "description": "Our company website",
            "edge_security_policy": "",
            "enable_cdn": false,
            "fingerprint": "F40Momwc1cI=",
            "generated_id": -1152571859,
            "health_checks": [
              "https://www.googleapis.com/compute/v1/projects/qwiklabs-gcp-00-2e8a5b18c969/global/httpHealthChecks/armor-healthcheck"
            ],
            "iap": [],
            "id": "projects/qwiklabs-gcp-00-2e8a5b18c969/global/backendServices/armor-backend",
            "load_balancing_scheme": "EXTERNAL",
            "locality_lb_policies": [],
            "locality_lb_policy": "",
            "log_config": [],
            "name": "armor-backend",
            "outlier_detection": [],
            "port_name": "http",
            "project": "qwiklabs-gcp-00-2e8a5b18c969",
            "protocol": "HTTP",
            "security_policy": "https://www.googleapis.com/compute/v1/projects/qwiklabs-gcp-00-2e8a5b18c969/global/securityPolicies/armor-security-policy",
            "security_settings": [],
            "self_link": "https://www.googleapis.com/compute/v1/projects/qwiklabs-gcp-00-2e8a5b18c969/global/backendServices/armor-backend",
            "session_affinity": "NONE",
            "timeout_sec": 10,
            "timeouts": null
          },
          "sensitive_attributes": [],
          "private": "eyJlMmJmYjczMC1lY2FhLTExZTYtOGY4OC0zNDM2M2JjN2M0YzAiOnsiY3JlYXRlIjoxMjAwMDAwMDAwMDAwLCJkZWxldGUiOjEyMDAwMDAwMDAwMDAsInVwZGF0ZSI6MTIwMDAwMDAwMDAwMH0sInNjaGVtYV92ZXJzaW9uIjoiMSJ9",
          "dependencies": [
            "google_compute_http_health_check.health",
            "google_compute_instance.cluster1",
            "google_compute_instance_group.webservers",
            "google_compute_security_policy.security-policy-1",
            "random_id.instance_id"
          ]
        }
      ]
    },
    {
      "mode": "managed",
      "type": "google_compute_firewall",
      "name": "cluster1",
      "provider": "provider[\"registry.terraform.io/hashicorp/google\"]",
      "instances": [
        {
          "schema_version": 1,
          "attributes": {
            "allow": [
              {
                "ports": [
                  "80",
                  "43",
                  "22"
                ],
                "protocol": "tcp"
              }
            ],
            "creation_timestamp": "2024-02-29T06:45:24.185-08:00",
            "deny": [],
            "description": "",
            "destination_ranges": [],
            "direction": "INGRESS",
            "disabled": false,
            "enable_logging": null,
            "id": "projects/qwiklabs-gcp-00-2e8a5b18c969/global/firewalls/armor-firewall",
            "log_config": [],
            "name": "armor-firewall",
            "network": "https://www.googleapis.com/compute/v1/projects/qwiklabs-gcp-00-2e8a5b18c969/global/networks/default",
            "priority": 1000,
            "project": "qwiklabs-gcp-00-2e8a5b18c969",
            "self_link": "https://www.googleapis.com/compute/v1/projects/qwiklabs-gcp-00-2e8a5b18c969/global/firewalls/armor-firewall",
            "source_ranges": [
              "0.0.0.0/0"
            ],
            "source_service_accounts": null,
            "source_tags": null,
            "target_service_accounts": null,
            "target_tags": null,
            "timeouts": null
          },
          "sensitive_attributes": [],
          "private": "eyJlMmJmYjczMC1lY2FhLTExZTYtOGY4OC0zNDM2M2JjN2M0YzAiOnsiY3JlYXRlIjoxMjAwMDAwMDAwMDAwLCJkZWxldGUiOjEyMDAwMDAwMDAwMDAsInVwZGF0ZSI6MTIwMDAwMDAwMDAwMH0sInNjaGVtYV92ZXJzaW9uIjoiMSJ9"
        }
      ]
    },
    {
      "mode": "managed",
      "type": "google_compute_global_forwarding_rule",
      "name": "default",
      "provider": "provider[\"registry.terraform.io/hashicorp/google\"]",
      "instances": [
        {
          "schema_version": 0,
          "attributes": {
            "base_forwarding_rule": "",
            "description": "",
            "effective_labels": {},
            "id": "projects/qwiklabs-gcp-00-2e8a5b18c969/global/forwardingRules/armor-rule",
            "ip_address": "34.49.238.178",
            "ip_protocol": "TCP",
            "ip_version": "",
            "label_fingerprint": "42WmSpB8rSM=",
            "labels": null,
            "load_balancing_scheme": "EXTERNAL",
            "metadata_filters": [],
            "name": "armor-rule",
            "network": "",
            "no_automate_dns_zone": null,
            "port_range": "80-80",
            "project": "qwiklabs-gcp-00-2e8a5b18c969",
            "psc_connection_id": "",
            "psc_connection_status": "",
            "self_link": "https://www.googleapis.com/compute/v1/projects/qwiklabs-gcp-00-2e8a5b18c969/global/forwardingRules/armor-rule",
            "service_directory_registrations": [],
            "source_ip_ranges": null,
            "subnetwork": "",
            "target": "https://www.googleapis.com/compute/v1/projects/qwiklabs-gcp-00-2e8a5b18c969/global/targetHttpProxies/armor-proxy",
            "terraform_labels": {},
            "timeouts": null
          },
          "sensitive_attributes": [],
          "private": "eyJlMmJmYjczMC1lY2FhLTExZTYtOGY4OC0zNDM2M2JjN2M0YzAiOnsiY3JlYXRlIjoxMjAwMDAwMDAwMDAwLCJkZWxldGUiOjEyMDAwMDAwMDAwMDAsInVwZGF0ZSI6MTIwMDAwMDAwMDAwMH19",
          "dependencies": [
            "google_compute_backend_service.website",
            "google_compute_http_health_check.health",
            "google_compute_instance.cluster1",
            "google_compute_instance_group.webservers",
            "google_compute_security_policy.security-policy-1",
            "google_compute_target_http_proxy.default",
            "google_compute_url_map.default",
            "random_id.instance_id"
          ]
        }
      ]
    },
    {
      "mode": "managed",
      "type": "google_compute_http_health_check",
      "name": "health",
      "provider": "provider[\"registry.terraform.io/hashicorp/google\"]",
      "instances": [
        {
          "schema_version": 0,
          "attributes": {
            "check_interval_sec": 1,
            "creation_timestamp": "2024-02-29T06:45:24.131-08:00",
            "description": "",
            "healthy_threshold": 2,
            "host": "",
            "id": "projects/qwiklabs-gcp-00-2e8a5b18c969/global/httpHealthChecks/armor-healthcheck",
            "name": "armor-healthcheck",
            "port": 80,
            "project": "qwiklabs-gcp-00-2e8a5b18c969",
            "request_path": "/",
            "self_link": "https://www.googleapis.com/compute/v1/projects/qwiklabs-gcp-00-2e8a5b18c969/global/httpHealthChecks/armor-healthcheck",
            "timeout_sec": 1,
            "timeouts": null,
            "unhealthy_threshold": 2
          },
          "sensitive_attributes": [],
          "private": "eyJlMmJmYjczMC1lY2FhLTExZTYtOGY4OC0zNDM2M2JjN2M0YzAiOnsiY3JlYXRlIjoxMjAwMDAwMDAwMDAwLCJkZWxldGUiOjEyMDAwMDAwMDAwMDAsInVwZGF0ZSI6MTIwMDAwMDAwMDAwMH19"
        }
      ]
    },
    {
      "mode": "managed",
      "type": "google_compute_instance",
      "name": "cluster1",
      "provider": "provider[\"registry.terraform.io/hashicorp/google\"]",
      "instances": [
        {
          "schema_version": 6,
          "attributes": {
            "advanced_machine_features": [],
            "allow_stopping_for_update": null,
            "attached_disk": [],
            "boot_disk": [
              {
                "auto_delete": true,
                "device_name": "persistent-disk-0",
                "disk_encryption_key_raw": "",
                "disk_encryption_key_sha256": "",
                "initialize_params": [
                  {
                    "enable_confidential_compute": false,
                    "image": "https://www.googleapis.com/compute/v1/projects/debian-cloud/global/images/debian-10-buster-v20240213",
                    "labels": {},
                    "provisioned_iops": 0,
                    "provisioned_throughput": 0,
                    "resource_manager_tags": null,
                    "size": 10,
                    "type": "pd-standard"
                  }
                ],
                "kms_key_self_link": "",
                "mode": "READ_WRITE",
                "source": "https://www.googleapis.com/compute/v1/projects/qwiklabs-gcp-00-2e8a5b18c969/zones/us-central1-a/disks/armor-gce-96037bfb"
              }
            ],
            "can_ip_forward": false,
            "confidential_instance_config": [],
            "cpu_platform": "Intel Haswell",
            "current_status": "RUNNING",
            "deletion_protection": false,
            "description": "",
            "desired_status": null,
            "effective_labels": {},
            "enable_display": false,
            "guest_accelerator": [],
            "hostname": "",
            "id": "projects/qwiklabs-gcp-00-2e8a5b18c969/zones/us-central1-a/instances/armor-gce-96037bfb",
            "instance_id": "4390180474917299817",
            "label_fingerprint": "42WmSpB8rSM=",
            "labels": null,
            "machine_type": "f1-micro",
            "metadata": null,
            "metadata_fingerprint": "0xF9CUJlKl4=",
            "metadata_startup_script": "sudo apt-get update; sudo apt-get install -yq nginx; sudo service nginx restart",
            "min_cpu_platform": "",
            "name": "armor-gce-96037bfb",
            "network_interface": [
              {
                "access_config": [
                  {
                    "nat_ip": "34.170.200.37",
                    "network_tier": "PREMIUM",
                    "public_ptr_domain_name": ""
                  }
                ],
                "alias_ip_range": [],
                "internal_ipv6_prefix_length": 0,
                "ipv6_access_config": [],
                "ipv6_access_type": "",
                "ipv6_address": "",
                "name": "nic0",
                "network": "https://www.googleapis.com/compute/v1/projects/qwiklabs-gcp-00-2e8a5b18c969/global/networks/default",
                "network_ip": "10.128.0.3",
                "nic_type": "",
                "queue_count": 0,
                "stack_type": "IPV4_ONLY",
                "subnetwork": "https://www.googleapis.com/compute/v1/projects/qwiklabs-gcp-00-2e8a5b18c969/regions/us-central1/subnetworks/default",
                "subnetwork_project": "qwiklabs-gcp-00-2e8a5b18c969"
              }
            ],
            "network_performance_config": [],
            "params": [],
            "project": "qwiklabs-gcp-00-2e8a5b18c969",
            "reservation_affinity": [],
            "resource_policies": null,
            "scheduling": [
              {
                "automatic_restart": true,
                "instance_termination_action": "",
                "local_ssd_recovery_timeout": [],
                "min_node_cpus": 0,
                "node_affinities": [],
                "on_host_maintenance": "MIGRATE",
                "preemptible": false,
                "provisioning_model": "STANDARD"
              }
            ],
            "scratch_disk": [],
            "self_link": "https://www.googleapis.com/compute/v1/projects/qwiklabs-gcp-00-2e8a5b18c969/zones/us-central1-a/instances/armor-gce-96037bfb",
            "service_account": [],
            "shielded_instance_config": [
              {
                "enable_integrity_monitoring": true,
                "enable_secure_boot": false,
                "enable_vtpm": true
              }
            ],
            "tags": null,
            "tags_fingerprint": "42WmSpB8rSM=",
            "terraform_labels": {},
            "timeouts": null,
            "zone": "us-central1-a"
          },
          "sensitive_attributes": [],
          "private": "eyJlMmJmYjczMC1lY2FhLTExZTYtOGY4OC0zNDM2M2JjN2M0YzAiOnsiY3JlYXRlIjoxMjAwMDAwMDAwMDAwLCJkZWxldGUiOjEyMDAwMDAwMDAwMDAsInVwZGF0ZSI6MTIwMDAwMDAwMDAwMH0sInNjaGVtYV92ZXJzaW9uIjoiNiJ9",
          "dependencies": [
            "random_id.instance_id"
          ]
        }
      ]
    },
    {
      "mode": "managed",
      "type": "google_compute_instance_group",
      "name": "webservers",
      "provider": "provider[\"registry.terraform.io/hashicorp/google\"]",
      "instances": [
        {
          "schema_version": 2,
          "attributes": {
            "description": "An instance group for the single GCE instance",
            "id": "projects/qwiklabs-gcp-00-2e8a5b18c969/zones/us-central1-a/instanceGroups/instance-group-all",
            "instances": [
              "https://www.googleapis.com/compute/v1/projects/qwiklabs-gcp-00-2e8a5b18c969/zones/us-central1-a/instances/armor-gce-96037bfb"
            ],
            "name": "instance-group-all",
            "named_port": [
              {
                "name": "http",
                "port": 80
              }
            ],
            "network": "https://www.googleapis.com/compute/v1/projects/qwiklabs-gcp-00-2e8a5b18c969/global/networks/default",
            "project": "qwiklabs-gcp-00-2e8a5b18c969",
            "self_link": "https://www.googleapis.com/compute/v1/projects/qwiklabs-gcp-00-2e8a5b18c969/zones/us-central1-a/instanceGroups/instance-group-all",
            "size": 1,
            "timeouts": null,
            "zone": "us-central1-a"
          },
          "sensitive_attributes": [],
          "private": "eyJlMmJmYjczMC1lY2FhLTExZTYtOGY4OC0zNDM2M2JjN2M0YzAiOnsiY3JlYXRlIjozNjAwMDAwMDAwMDAsImRlbGV0ZSI6MzYwMDAwMDAwMDAwLCJ1cGRhdGUiOjM2MDAwMDAwMDAwMH0sInNjaGVtYV92ZXJzaW9uIjoiMiJ9",
          "dependencies": [
            "google_compute_instance.cluster1",
            "random_id.instance_id"
          ]
        }
      ]
    },
    {
      "mode": "managed",
      "type": "google_compute_security_policy",
      "name": "security-policy-1",
      "provider": "provider[\"registry.terraform.io/hashicorp/google\"]",
      "instances": [
        {
          "schema_version": 0,
          "attributes": {
            "adaptive_protection_config": [],
            "advanced_options_config": [],
            "description": "example security policy",
            "fingerprint": "jwq-ydnCaWw=",
            "id": "projects/qwiklabs-gcp-00-2e8a5b18c969/global/securityPolicies/armor-security-policy",
            "name": "armor-security-policy",
            "project": "qwiklabs-gcp-00-2e8a5b18c969",
            "recaptcha_options_config": [],
            "rule": [
              {
                "action": "allow",
                "description": "allow traffic from 192.0.2.0/24",
                "header_action": [],
                "match": [
                  {
                    "config": [
                      {
                        "src_ip_ranges": [
                          "192.0.2.0/24"
                        ]
                      }
                    ],
                    "expr": [],
                    "versioned_expr": "SRC_IPS_V1"
                  }
                ],
                "preview": false,
                "priority": 1000,
                "rate_limit_options": [],
                "redirect_options": []
              },
              {
                "action": "deny(403)",
                "description": "Default rule, higher priority overrides it",
                "header_action": [],
                "match": [
                  {
                    "config": [
                      {
                        "src_ip_ranges": [
                          "*"
                        ]
                      }
                    ],
                    "expr": [],
                    "versioned_expr": "SRC_IPS_V1"
                  }
                ],
                "preview": false,
                "priority": 2147483647,
                "rate_limit_options": [],
                "redirect_options": []
              }
            ],
            "self_link": "https://www.googleapis.com/compute/v1/projects/qwiklabs-gcp-00-2e8a5b18c969/global/securityPolicies/armor-security-policy",
            "timeouts": null,
            "type": "CLOUD_ARMOR"
          },
          "sensitive_attributes": [],
          "private": "eyJlMmJmYjczMC1lY2FhLTExZTYtOGY4OC0zNDM2M2JjN2M0YzAiOnsiY3JlYXRlIjo0ODAwMDAwMDAwMDAsImRlbGV0ZSI6NDgwMDAwMDAwMDAwLCJ1cGRhdGUiOjQ4MDAwMDAwMDAwMH19"
        }
      ]
    },
    {
      "mode": "managed",
      "type": "google_compute_target_http_proxy",
      "name": "default",
      "provider": "provider[\"registry.terraform.io/hashicorp/google\"]",
      "instances": [
        {
          "schema_version": 0,
          "attributes": {
            "creation_timestamp": "2024-02-29T06:47:15.076-08:00",
            "description": "",
            "http_keep_alive_timeout_sec": 0,
            "id": "projects/qwiklabs-gcp-00-2e8a5b18c969/global/targetHttpProxies/armor-proxy",
            "name": "armor-proxy",
            "project": "qwiklabs-gcp-00-2e8a5b18c969",
            "proxy_bind": false,
            "proxy_id": -1152571876,
            "self_link": "https://www.googleapis.com/compute/v1/projects/qwiklabs-gcp-00-2e8a5b18c969/global/targetHttpProxies/armor-proxy",
            "timeouts": null,
            "url_map": "https://www.googleapis.com/compute/v1/projects/qwiklabs-gcp-00-2e8a5b18c969/global/urlMaps/armor-url-map"
          },
          "sensitive_attributes": [],
          "private": "eyJlMmJmYjczMC1lY2FhLTExZTYtOGY4OC0zNDM2M2JjN2M0YzAiOnsiY3JlYXRlIjoxMjAwMDAwMDAwMDAwLCJkZWxldGUiOjEyMDAwMDAwMDAwMDAsInVwZGF0ZSI6MTIwMDAwMDAwMDAwMH19",
          "dependencies": [
            "google_compute_backend_service.website",
            "google_compute_http_health_check.health",
            "google_compute_instance.cluster1",
            "google_compute_instance_group.webservers",
            "google_compute_security_policy.security-policy-1",
            "google_compute_url_map.default",
            "random_id.instance_id"
          ]
        }
      ]
    },
    {
      "mode": "managed",
      "type": "google_compute_target_pool",
      "name": "example",
      "provider": "provider[\"registry.terraform.io/hashicorp/google\"]",
      "instances": [
        {
          "schema_version": 0,
          "attributes": {
            "backup_pool": "",
            "description": "",
            "failover_ratio": 0,
            "health_checks": [
              "https://www.googleapis.com/compute/v1/projects/qwiklabs-gcp-00-2e8a5b18c969/global/httpHealthChecks/armor-healthcheck"
            ],
            "id": "projects/qwiklabs-gcp-00-2e8a5b18c969/regions/us-central1/targetPools/armor-pool",
            "instances": [
              "us-central1-a/armor-gce-96037bfb"
            ],
            "name": "armor-pool",
            "project": "qwiklabs-gcp-00-2e8a5b18c969",
            "region": "us-central1",
            "self_link": "https://www.googleapis.com/compute/v1/projects/qwiklabs-gcp-00-2e8a5b18c969/regions/us-central1/targetPools/armor-pool",
            "session_affinity": "NONE",
            "timeouts": null
          },
          "sensitive_attributes": [],
          "private": "eyJlMmJmYjczMC1lY2FhLTExZTYtOGY4OC0zNDM2M2JjN2M0YzAiOnsiY3JlYXRlIjoyNDAwMDAwMDAwMDAsImRlbGV0ZSI6MjQwMDAwMDAwMDAwLCJ1cGRhdGUiOjI0MDAwMDAwMDAwMH19",
          "dependencies": [
            "google_compute_http_health_check.health",
            "google_compute_instance.cluster1",
            "random_id.instance_id"
          ]
        }
      ]
    },
    {
      "mode": "managed",
      "type": "google_compute_url_map",
      "name": "default",
      "provider": "provider[\"registry.terraform.io/hashicorp/google\"]",
      "instances": [
        {
          "schema_version": 0,
          "attributes": {
            "creation_timestamp": "2024-02-29T06:47:02.440-08:00",
            "default_route_action": [],
            "default_service": "https://www.googleapis.com/compute/v1/projects/qwiklabs-gcp-00-2e8a5b18c969/global/backendServices/armor-backend",
            "default_url_redirect": [],
            "description": "",
            "fingerprint": "zhPxt2gYPZU=",
            "header_action": [],
            "host_rule": [
              {
                "description": "",
                "hosts": [
                  "mysite.com"
                ],
                "path_matcher": "allpaths"
              }
            ],
            "id": "projects/qwiklabs-gcp-00-2e8a5b18c969/global/urlMaps/armor-url-map",
            "map_id": -1152571895,
            "name": "armor-url-map",
            "path_matcher": [
              {
                "default_route_action": [],
                "default_service": "https://www.googleapis.com/compute/v1/projects/qwiklabs-gcp-00-2e8a5b18c969/global/backendServices/armor-backend",
                "default_url_redirect": [],
                "description": "",
                "header_action": [],
                "name": "allpaths",
                "path_rule": [
                  {
                    "paths": [
                      "/*"
                    ],
                    "route_action": [],
                    "service": "https://www.googleapis.com/compute/v1/projects/qwiklabs-gcp-00-2e8a5b18c969/global/backendServices/armor-backend",
                    "url_redirect": []
                  }
                ],
                "route_rules": []
              }
            ],
            "project": "qwiklabs-gcp-00-2e8a5b18c969",
            "self_link": "https://www.googleapis.com/compute/v1/projects/qwiklabs-gcp-00-2e8a5b18c969/global/urlMaps/armor-url-map",
            "test": [],
            "timeouts": null
          },
          "sensitive_attributes": [],
          "private": "eyJlMmJmYjczMC1lY2FhLTExZTYtOGY4OC0zNDM2M2JjN2M0YzAiOnsiY3JlYXRlIjoxMjAwMDAwMDAwMDAwLCJkZWxldGUiOjEyMDAwMDAwMDAwMDAsInVwZGF0ZSI6MTIwMDAwMDAwMDAwMH19",
          "dependencies": [
            "google_compute_backend_service.website",
            "google_compute_http_health_check.health",
            "google_compute_instance.cluster1",
            "google_compute_instance_group.webservers",
            "google_compute_security_policy.security-policy-1",
            "random_id.instance_id"
          ]
        }
      ]
    },
    {
      "mode": "managed",
      "type": "random_id",
      "name": "instance_id",
      "provider": "provider[\"registry.terraform.io/hashicorp/random\"]",
      "instances": [
        {
          "schema_version": 0,
          "attributes": {
            "b64_std": "lgN7+w==",
            "b64_url": "lgN7-w",
            "byte_length": 4,
            "dec": "2516810747",
            "hex": "96037bfb",
            "id": "lgN7-w",
            "keepers": null,
            "prefix": null
          },
          "sensitive_attributes": []
        }
      ]
    }
  ],
  "check_results": null
}
